
Microsoft Visual Studio Solution File, Format Version 12.00
# Visual Studio Version 17
VisualStudioVersion = 17.7.34024.191
MinimumVisualStudioVersion = 10.0.40219.1
Project("{FAE04EC0-301F-11D3-BF4B-00C04F79EFBC}") = "WebAspCoreWelcomeApplication", "WebAspCoreWelcomeApplication\WebAspCoreWelcomeApplication.csproj", "{049E911B-654A-4DA7-8BEF-9F0C77C233BD}"
EndProject
Global
	GlobalSection(SolutionConfigurationPlatforms) = preSolution
		Debug|Any CPU = Debug|Any CPU
		Release|Any CPU = Release|Any CPU
	EndGlobalSection
	GlobalSection(ProjectConfigurationPlatforms) = postSolution
		{049E911B-654A-4DA7-8BEF-9F0C77C233BD}.Debug|Any CPU.ActiveCfg = Debug|Any CPU
		{049E911B-654A-4DA7-8BEF-9F0C77C233BD}.Debug|Any CPU.Build.0 = Debug|Any CPU
		{049E911B-654A-4DA7-8BEF-9F0C77C233BD}.Release|Any CPU.ActiveCfg = Release|Any CPU
		{049E911B-654A-4DA7-8BEF-9F0C77C233BD}.Release|Any CPU.Build.0 = Release|Any CPU
	EndGlobalSection
	GlobalSection(SolutionProperties) = preSolution
		HideSolutionNode = FALSE
	EndGlobalSection
	GlobalSection(ExtensibilityGlobals) = postSolution
		SolutionGuid = {C0B99337-47F4-455F-AC8A-F2EE63C6431E}
	EndGlobalSection
EndGlobal
